
Microsoft Visual Studio Solution File, Format Version 12.00
# Visual Studio Version 16
VisualStudioVersion = 16.0.29424.173
MinimumVisualStudioVersion = 10.0.40219.1
Project("{FAE04EC0-301F-11D3-BF4B-00C04F79EFBC}") = "Vitvor.OOP13", "Vitvor.OOP13\Vitvor.OOP13.csproj", "{BE221029-74A7-4557-803E-AB0FE3087623}"
EndProject
Global
	GlobalSection(SolutionConfigurationPlatforms) = preSolution
		Debug|Any CPU = Debug|Any CPU
		Release|Any CPU = Release|Any CPU
	EndGlobalSection
	GlobalSection(ProjectConfigurationPlatforms) = postSolution
		{BE221029-74A7-4557-803E-AB0FE3087623}.Debug|Any CPU.ActiveCfg = Debug|Any CPU
		{BE221029-74A7-4557-803E-AB0FE3087623}.Debug|Any CPU.Build.0 = Debug|Any CPU
		{BE221029-74A7-4557-803E-AB0FE3087623}.Release|Any CPU.ActiveCfg = Release|Any CPU
		{BE221029-74A7-4557-803E-AB0FE3087623}.Release|Any CPU.Build.0 = Release|Any CPU
	EndGlobalSection
	GlobalSection(SolutionProperties) = preSolution
		HideSolutionNode = FALSE
	EndGlobalSection
	GlobalSection(ExtensibilityGlobals) = postSolution
		SolutionGuid = {D594BE4E-ABE2-419A-958A-7DC5488CDF14}
	EndGlobalSection
EndGlobal
